
Microsoft Visual Studio Solution File, Format Version 11.00
# Visual Studio 2010
Project("{FAE04EC0-301F-11D3-BF4B-00C04F79EFBC}") = "FileFinder", "FileFinder\FileFinder.csproj", "{EC24108A-3931-44F8-8FEB-B279A1F53D32}"
EndProject
Project("{8BC9CEB8-8B4A-11D0-8D11-00A0C91BC942}") = "UThread", "Uthreads\UThread\UThread.vcxproj", "{2650CA3C-1DDE-4D98-96D6-927B382F409A}"
EndProject
Project("{8BC9CEB8-8B4A-11D0-8D11-00A0C91BC942}") = "USynch", "Uthreads\USynch\USynch.vcxproj", "{95B5813F-910D-4159-B3D8-2E8B83F6A1F1}"
EndProject
Project("{8BC9CEB8-8B4A-11D0-8D11-00A0C91BC942}") = "Test", "Uthreads\Test\Test.vcxproj", "{4CFC5173-909A-4061-9645-F4A3770D33F4}"
EndProject
Project("{2150E333-8FDC-42A3-9474-1A3956D46DE8}") = "UThreads", "UThreads", "{CAE1FEDE-D546-4D16-97EF-56D6B032F5B1}"
EndProject
Project("{2150E333-8FDC-42A3-9474-1A3956D46DE8}") = "RWLock", "RWLock", "{16062EDE-D11F-4C13-A454-6BD31E23DD01}"
EndProject
Project("{FAE04EC0-301F-11D3-BF4B-00C04F79EFBC}") = "RWLock", "RWLock\RWLock\RWLock.csproj", "{93B10DED-8BBF-4161-945C-56259ADAB4CB}"
EndProject
Project("{FAE04EC0-301F-11D3-BF4B-00C04F79EFBC}") = "RWLockEx", "RWLock\RWLockEx\RWLockEx.csproj", "{8C7662E4-3F01-453C-9E4F-FD89266103C6}"
EndProject
Project("{2150E333-8FDC-42A3-9474-1A3956D46DE8}") = "IOCPvsTP", "IOCPvsTP", "{BD466FF6-03AE-4FB3-9A93-EA3FCC1D6DF1}"
EndProject
Project("{FAE04EC0-301F-11D3-BF4B-00C04F79EFBC}") = "_AsyncServer", "IOCPvsTP\_AsyncServer\_AsyncServer.csproj", "{F2EDAF2C-7DE3-40E7-8A45-A9EE8997E780}"
EndProject
Project("{FAE04EC0-301F-11D3-BF4B-00C04F79EFBC}") = "_NotSoAsyncServer", "IOCPvsTP\_NotSoAsyncServer\_NotSoAsyncServer.csproj", "{C1C4AA8F-33DE-43B1-B87B-DDC18D0E5BF0}"
EndProject
Project("{FAE04EC0-301F-11D3-BF4B-00C04F79EFBC}") = "DIDClient", "IOCPvsTP\DIDClient\DIDClient.csproj", "{36F1B25F-62A0-4865-8B5E-04A2CCABAB56}"
EndProject
Project("{FAE04EC0-301F-11D3-BF4B-00C04F79EFBC}") = "MovieInfo", "MovieInfo\MovieInfo.csproj", "{25CE286C-A7E0-40EA-83A1-7CDCB0A6C14D}"
EndProject
Global
	GlobalSection(SolutionConfigurationPlatforms) = preSolution
		Debug|Any CPU = Debug|Any CPU
		Debug|Mixed Platforms = Debug|Mixed Platforms
		Debug|Win32 = Debug|Win32
		Debug|x86 = Debug|x86
		Release|Any CPU = Release|Any CPU
		Release|Mixed Platforms = Release|Mixed Platforms
		Release|Win32 = Release|Win32
		Release|x86 = Release|x86
	EndGlobalSection
	GlobalSection(ProjectConfigurationPlatforms) = postSolution
		{EC24108A-3931-44F8-8FEB-B279A1F53D32}.Debug|Any CPU.ActiveCfg = Debug|x86
		{EC24108A-3931-44F8-8FEB-B279A1F53D32}.Debug|Mixed Platforms.ActiveCfg = Debug|x86
		{EC24108A-3931-44F8-8FEB-B279A1F53D32}.Debug|Mixed Platforms.Build.0 = Debug|x86
		{EC24108A-3931-44F8-8FEB-B279A1F53D32}.Debug|Win32.ActiveCfg = Debug|x86
		{EC24108A-3931-44F8-8FEB-B279A1F53D32}.Debug|x86.ActiveCfg = Debug|x86
		{EC24108A-3931-44F8-8FEB-B279A1F53D32}.Debug|x86.Build.0 = Debug|x86
		{EC24108A-3931-44F8-8FEB-B279A1F53D32}.Release|Any CPU.ActiveCfg = Release|x86
		{EC24108A-3931-44F8-8FEB-B279A1F53D32}.Release|Mixed Platforms.ActiveCfg = Release|x86
		{EC24108A-3931-44F8-8FEB-B279A1F53D32}.Release|Mixed Platforms.Build.0 = Release|x86
		{EC24108A-3931-44F8-8FEB-B279A1F53D32}.Release|Win32.ActiveCfg = Release|x86
		{EC24108A-3931-44F8-8FEB-B279A1F53D32}.Release|x86.ActiveCfg = Release|x86
		{EC24108A-3931-44F8-8FEB-B279A1F53D32}.Release|x86.Build.0 = Release|x86
		{2650CA3C-1DDE-4D98-96D6-927B382F409A}.Debug|Any CPU.ActiveCfg = Debug|Win32
		{2650CA3C-1DDE-4D98-96D6-927B382F409A}.Debug|Mixed Platforms.ActiveCfg = Debug|Win32
		{2650CA3C-1DDE-4D98-96D6-927B382F409A}.Debug|Mixed Platforms.Build.0 = Debug|Win32
		{2650CA3C-1DDE-4D98-96D6-927B382F409A}.Debug|Win32.ActiveCfg = Debug|Win32
		{2650CA3C-1DDE-4D98-96D6-927B382F409A}.Debug|Win32.Build.0 = Debug|Win32
		{2650CA3C-1DDE-4D98-96D6-927B382F409A}.Debug|x86.ActiveCfg = Debug|Win32
		{2650CA3C-1DDE-4D98-96D6-927B382F409A}.Release|Any CPU.ActiveCfg = Release|Win32
		{2650CA3C-1DDE-4D98-96D6-927B382F409A}.Release|Mixed Platforms.ActiveCfg = Release|Win32
		{2650CA3C-1DDE-4D98-96D6-927B382F409A}.Release|Mixed Platforms.Build.0 = Release|Win32
		{2650CA3C-1DDE-4D98-96D6-927B382F409A}.Release|Win32.ActiveCfg = Release|Win32
		{2650CA3C-1DDE-4D98-96D6-927B382F409A}.Release|Win32.Build.0 = Release|Win32
		{2650CA3C-1DDE-4D98-96D6-927B382F409A}.Release|x86.ActiveCfg = Release|Win32
		{95B5813F-910D-4159-B3D8-2E8B83F6A1F1}.Debug|Any CPU.ActiveCfg = Debug|Win32
		{95B5813F-910D-4159-B3D8-2E8B83F6A1F1}.Debug|Mixed Platforms.ActiveCfg = Debug|Win32
		{95B5813F-910D-4159-B3D8-2E8B83F6A1F1}.Debug|Mixed Platforms.Build.0 = Debug|Win32
		{95B5813F-910D-4159-B3D8-2E8B83F6A1F1}.Debug|Win32.ActiveCfg = Debug|Win32
		{95B5813F-910D-4159-B3D8-2E8B83F6A1F1}.Debug|Win32.Build.0 = Debug|Win32
		{95B5813F-910D-4159-B3D8-2E8B83F6A1F1}.Debug|x86.ActiveCfg = Debug|Win32
		{95B5813F-910D-4159-B3D8-2E8B83F6A1F1}.Release|Any CPU.ActiveCfg = Release|Win32
		{95B5813F-910D-4159-B3D8-2E8B83F6A1F1}.Release|Mixed Platforms.ActiveCfg = Release|Win32
		{95B5813F-910D-4159-B3D8-2E8B83F6A1F1}.Release|Mixed Platforms.Build.0 = Release|Win32
		{95B5813F-910D-4159-B3D8-2E8B83F6A1F1}.Release|Win32.ActiveCfg = Release|Win32
		{95B5813F-910D-4159-B3D8-2E8B83F6A1F1}.Release|Win32.Build.0 = Release|Win32
		{95B5813F-910D-4159-B3D8-2E8B83F6A1F1}.Release|x86.ActiveCfg = Release|Win32
		{4CFC5173-909A-4061-9645-F4A3770D33F4}.Debug|Any CPU.ActiveCfg = Debug|Win32
		{4CFC5173-909A-4061-9645-F4A3770D33F4}.Debug|Mixed Platforms.ActiveCfg = Debug|Win32
		{4CFC5173-909A-4061-9645-F4A3770D33F4}.Debug|Mixed Platforms.Build.0 = Debug|Win32
		{4CFC5173-909A-4061-9645-F4A3770D33F4}.Debug|Win32.ActiveCfg = Debug|Win32
		{4CFC5173-909A-4061-9645-F4A3770D33F4}.Debug|Win32.Build.0 = Debug|Win32
		{4CFC5173-909A-4061-9645-F4A3770D33F4}.Debug|x86.ActiveCfg = Debug|Win32
		{4CFC5173-909A-4061-9645-F4A3770D33F4}.Release|Any CPU.ActiveCfg = Release|Win32
		{4CFC5173-909A-4061-9645-F4A3770D33F4}.Release|Mixed Platforms.ActiveCfg = Release|Win32
		{4CFC5173-909A-4061-9645-F4A3770D33F4}.Release|Mixed Platforms.Build.0 = Release|Win32
		{4CFC5173-909A-4061-9645-F4A3770D33F4}.Release|Win32.ActiveCfg = Release|Win32
		{4CFC5173-909A-4061-9645-F4A3770D33F4}.Release|Win32.Build.0 = Release|Win32
		{4CFC5173-909A-4061-9645-F4A3770D33F4}.Release|x86.ActiveCfg = Release|Win32
		{93B10DED-8BBF-4161-945C-56259ADAB4CB}.Debug|Any CPU.ActiveCfg = Debug|x86
		{93B10DED-8BBF-4161-945C-56259ADAB4CB}.Debug|Mixed Platforms.ActiveCfg = Debug|x86
		{93B10DED-8BBF-4161-945C-56259ADAB4CB}.Debug|Mixed Platforms.Build.0 = Debug|x86
		{93B10DED-8BBF-4161-945C-56259ADAB4CB}.Debug|Win32.ActiveCfg = Debug|x86
		{93B10DED-8BBF-4161-945C-56259ADAB4CB}.Debug|x86.ActiveCfg = Debug|x86
		{93B10DED-8BBF-4161-945C-56259ADAB4CB}.Debug|x86.Build.0 = Debug|x86
		{93B10DED-8BBF-4161-945C-56259ADAB4CB}.Release|Any CPU.ActiveCfg = Release|x86
		{93B10DED-8BBF-4161-945C-56259ADAB4CB}.Release|Mixed Platforms.ActiveCfg = Release|x86
		{93B10DED-8BBF-4161-945C-56259ADAB4CB}.Release|Mixed Platforms.Build.0 = Release|x86
		{93B10DED-8BBF-4161-945C-56259ADAB4CB}.Release|Win32.ActiveCfg = Release|x86
		{93B10DED-8BBF-4161-945C-56259ADAB4CB}.Release|x86.ActiveCfg = Release|x86
		{93B10DED-8BBF-4161-945C-56259ADAB4CB}.Release|x86.Build.0 = Release|x86
		{8C7662E4-3F01-453C-9E4F-FD89266103C6}.Debug|Any CPU.ActiveCfg = Debug|x86
		{8C7662E4-3F01-453C-9E4F-FD89266103C6}.Debug|Mixed Platforms.ActiveCfg = Debug|x86
		{8C7662E4-3F01-453C-9E4F-FD89266103C6}.Debug|Mixed Platforms.Build.0 = Debug|x86
		{8C7662E4-3F01-453C-9E4F-FD89266103C6}.Debug|Win32.ActiveCfg = Debug|x86
		{8C7662E4-3F01-453C-9E4F-FD89266103C6}.Debug|x86.ActiveCfg = Debug|x86
		{8C7662E4-3F01-453C-9E4F-FD89266103C6}.Debug|x86.Build.0 = Debug|x86
		{8C7662E4-3F01-453C-9E4F-FD89266103C6}.Release|Any CPU.ActiveCfg = Release|x86
		{8C7662E4-3F01-453C-9E4F-FD89266103C6}.Release|Mixed Platforms.ActiveCfg = Release|x86
		{8C7662E4-3F01-453C-9E4F-FD89266103C6}.Release|Mixed Platforms.Build.0 = Release|x86
		{8C7662E4-3F01-453C-9E4F-FD89266103C6}.Release|Win32.ActiveCfg = Release|x86
		{8C7662E4-3F01-453C-9E4F-FD89266103C6}.Release|x86.ActiveCfg = Release|x86
		{8C7662E4-3F01-453C-9E4F-FD89266103C6}.Release|x86.Build.0 = Release|x86
		{F2EDAF2C-7DE3-40E7-8A45-A9EE8997E780}.Debug|Any CPU.ActiveCfg = Debug|x86
		{F2EDAF2C-7DE3-40E7-8A45-A9EE8997E780}.Debug|Mixed Platforms.ActiveCfg = Debug|x86
		{F2EDAF2C-7DE3-40E7-8A45-A9EE8997E780}.Debug|Mixed Platforms.Build.0 = Debug|x86
		{F2EDAF2C-7DE3-40E7-8A45-A9EE8997E780}.Debug|Win32.ActiveCfg = Debug|x86
		{F2EDAF2C-7DE3-40E7-8A45-A9EE8997E780}.Debug|x86.ActiveCfg = Debug|x86
		{F2EDAF2C-7DE3-40E7-8A45-A9EE8997E780}.Debug|x86.Build.0 = Debug|x86
		{F2EDAF2C-7DE3-40E7-8A45-A9EE8997E780}.Release|Any CPU.ActiveCfg = Release|x86
		{F2EDAF2C-7DE3-40E7-8A45-A9EE8997E780}.Release|Mixed Platforms.ActiveCfg = Release|x86
		{F2EDAF2C-7DE3-40E7-8A45-A9EE8997E780}.Release|Mixed Platforms.Build.0 = Release|x86
		{F2EDAF2C-7DE3-40E7-8A45-A9EE8997E780}.Release|Win32.ActiveCfg = Release|x86
		{F2EDAF2C-7DE3-40E7-8A45-A9EE8997E780}.Release|x86.ActiveCfg = Release|x86
		{F2EDAF2C-7DE3-40E7-8A45-A9EE8997E780}.Release|x86.Build.0 = Release|x86
		{C1C4AA8F-33DE-43B1-B87B-DDC18D0E5BF0}.Debug|Any CPU.ActiveCfg = Debug|x86
		{C1C4AA8F-33DE-43B1-B87B-DDC18D0E5BF0}.Debug|Mixed Platforms.ActiveCfg = Debug|x86
		{C1C4AA8F-33DE-43B1-B87B-DDC18D0E5BF0}.Debug|Mixed Platforms.Build.0 = Debug|x86
		{C1C4AA8F-33DE-43B1-B87B-DDC18D0E5BF0}.Debug|Win32.ActiveCfg = Debug|x86
		{C1C4AA8F-33DE-43B1-B87B-DDC18D0E5BF0}.Debug|x86.ActiveCfg = Debug|x86
		{C1C4AA8F-33DE-43B1-B87B-DDC18D0E5BF0}.Debug|x86.Build.0 = Debug|x86
		{C1C4AA8F-33DE-43B1-B87B-DDC18D0E5BF0}.Release|Any CPU.ActiveCfg = Release|x86
		{C1C4AA8F-33DE-43B1-B87B-DDC18D0E5BF0}.Release|Mixed Platforms.ActiveCfg = Release|x86
		{C1C4AA8F-33DE-43B1-B87B-DDC18D0E5BF0}.Release|Mixed Platforms.Build.0 = Release|x86
		{C1C4AA8F-33DE-43B1-B87B-DDC18D0E5BF0}.Release|Win32.ActiveCfg = Release|x86
		{C1C4AA8F-33DE-43B1-B87B-DDC18D0E5BF0}.Release|x86.ActiveCfg = Release|x86
		{C1C4AA8F-33DE-43B1-B87B-DDC18D0E5BF0}.Release|x86.Build.0 = Release|x86
		{36F1B25F-62A0-4865-8B5E-04A2CCABAB56}.Debug|Any CPU.ActiveCfg = Debug|x86
		{36F1B25F-62A0-4865-8B5E-04A2CCABAB56}.Debug|Mixed Platforms.ActiveCfg = Debug|x86
		{36F1B25F-62A0-4865-8B5E-04A2CCABAB56}.Debug|Mixed Platforms.Build.0 = Debug|x86
		{36F1B25F-62A0-4865-8B5E-04A2CCABAB56}.Debug|Win32.ActiveCfg = Debug|x86
		{36F1B25F-62A0-4865-8B5E-04A2CCABAB56}.Debug|x86.ActiveCfg = Debug|x86
		{36F1B25F-62A0-4865-8B5E-04A2CCABAB56}.Debug|x86.Build.0 = Debug|x86
		{36F1B25F-62A0-4865-8B5E-04A2CCABAB56}.Release|Any CPU.ActiveCfg = Release|x86
		{36F1B25F-62A0-4865-8B5E-04A2CCABAB56}.Release|Mixed Platforms.ActiveCfg = Release|x86
		{36F1B25F-62A0-4865-8B5E-04A2CCABAB56}.Release|Mixed Platforms.Build.0 = Release|x86
		{36F1B25F-62A0-4865-8B5E-04A2CCABAB56}.Release|Win32.ActiveCfg = Release|x86
		{36F1B25F-62A0-4865-8B5E-04A2CCABAB56}.Release|x86.ActiveCfg = Release|x86
		{36F1B25F-62A0-4865-8B5E-04A2CCABAB56}.Release|x86.Build.0 = Release|x86
		{25CE286C-A7E0-40EA-83A1-7CDCB0A6C14D}.Debug|Any CPU.ActiveCfg = Debug|Any CPU
		{25CE286C-A7E0-40EA-83A1-7CDCB0A6C14D}.Debug|Any CPU.Build.0 = Debug|Any CPU
		{25CE286C-A7E0-40EA-83A1-7CDCB0A6C14D}.Debug|Mixed Platforms.ActiveCfg = Debug|Any CPU
		{25CE286C-A7E0-40EA-83A1-7CDCB0A6C14D}.Debug|Mixed Platforms.Build.0 = Debug|Any CPU
		{25CE286C-A7E0-40EA-83A1-7CDCB0A6C14D}.Debug|Win32.ActiveCfg = Debug|Any CPU
		{25CE286C-A7E0-40EA-83A1-7CDCB0A6C14D}.Debug|x86.ActiveCfg = Debug|Any CPU
		{25CE286C-A7E0-40EA-83A1-7CDCB0A6C14D}.Release|Any CPU.ActiveCfg = Release|Any CPU
		{25CE286C-A7E0-40EA-83A1-7CDCB0A6C14D}.Release|Any CPU.Build.0 = Release|Any CPU
		{25CE286C-A7E0-40EA-83A1-7CDCB0A6C14D}.Release|Mixed Platforms.ActiveCfg = Release|Any CPU
		{25CE286C-A7E0-40EA-83A1-7CDCB0A6C14D}.Release|Mixed Platforms.Build.0 = Release|Any CPU
		{25CE286C-A7E0-40EA-83A1-7CDCB0A6C14D}.Release|Win32.ActiveCfg = Release|Any CPU
		{25CE286C-A7E0-40EA-83A1-7CDCB0A6C14D}.Release|x86.ActiveCfg = Release|Any CPU
	EndGlobalSection
	GlobalSection(SolutionProperties) = preSolution
		HideSolutionNode = FALSE
	EndGlobalSection
	GlobalSection(NestedProjects) = preSolution
		{95B5813F-910D-4159-B3D8-2E8B83F6A1F1} = {CAE1FEDE-D546-4D16-97EF-56D6B032F5B1}
		{4CFC5173-909A-4061-9645-F4A3770D33F4} = {CAE1FEDE-D546-4D16-97EF-56D6B032F5B1}
		{2650CA3C-1DDE-4D98-96D6-927B382F409A} = {CAE1FEDE-D546-4D16-97EF-56D6B032F5B1}
		{93B10DED-8BBF-4161-945C-56259ADAB4CB} = {16062EDE-D11F-4C13-A454-6BD31E23DD01}
		{8C7662E4-3F01-453C-9E4F-FD89266103C6} = {16062EDE-D11F-4C13-A454-6BD31E23DD01}
		{F2EDAF2C-7DE3-40E7-8A45-A9EE8997E780} = {BD466FF6-03AE-4FB3-9A93-EA3FCC1D6DF1}
		{C1C4AA8F-33DE-43B1-B87B-DDC18D0E5BF0} = {BD466FF6-03AE-4FB3-9A93-EA3FCC1D6DF1}
		{36F1B25F-62A0-4865-8B5E-04A2CCABAB56} = {BD466FF6-03AE-4FB3-9A93-EA3FCC1D6DF1}
	EndGlobalSection
EndGlobal
